// !$*UTF8*$!
{
	archiveVersion = 1;
	classes = {
	};
	objectVersion = 48;
	objects = {

/* Begin PBXBuildFile section */
		2B0B7B137B763384068CFD08 /* Pods_StorTests.framework in Frameworks */ = {isa = PBXBuildFile; fileRef = 83BDF3AB5601AEFA4206A668 /* Pods_StorTests.framework */; };
		574FC7BF20B5F484001AE44F /* TermsViewController.swift in Sources */ = {isa = PBXBuildFile; fileRef = 574FC7BE20B5F484001AE44F /* TermsViewController.swift */; };
		574FC7C120B6289F001AE44F /* MenuViewController.swift in Sources */ = {isa = PBXBuildFile; fileRef = 574FC7C020B6289F001AE44F /* MenuViewController.swift */; };
		D1947A535ADA1F3F00BCE349 /* Pods_StorUITests.framework in Frameworks */ = {isa = PBXBuildFile; fileRef = FBFB92A62876BD03C1FEC207 /* Pods_StorUITests.framework */; };
		DB4B5E9320B339A30050F66E /* GoogleService-Info.plist in Resources */ = {isa = PBXBuildFile; fileRef = DB4B5E9220B339A20050F66E /* GoogleService-Info.plist */; };
		DB4B5E9820B3474D0050F66E /* RegisterEmailViewController.swift in Sources */ = {isa = PBXBuildFile; fileRef = DB4B5E9720B3474D0050F66E /* RegisterEmailViewController.swift */; };
		DB4B5E9E20B34E7C0050F66E /* dosis in Resources */ = {isa = PBXBuildFile; fileRef = DB4B5E9D20B34E7C0050F66E /* dosis */; };
		DB4B5EA020B351C20050F66E /* StartupViewController.swift in Sources */ = {isa = PBXBuildFile; fileRef = DB4B5E9F20B351C20050F66E /* StartupViewController.swift */; };
		DB59552920B49F4D001E1AF0 /* MapViewController.swift in Sources */ = {isa = PBXBuildFile; fileRef = DB59552820B49F4D001E1AF0 /* MapViewController.swift */; };
		DB756FE620B5305F00E12D77 /* AppDelegate.swift in Sources */ = {isa = PBXBuildFile; fileRef = DBE905DE20924BAE000F13DB /* AppDelegate.swift */; };
		DB756FE720B5306600E12D77 /* AppDelegate.swift in Sources */ = {isa = PBXBuildFile; fileRef = DBE905DE20924BAE000F13DB /* AppDelegate.swift */; };
		DBD8FD3320B3791100776FAB /* LoginViewController.swift in Sources */ = {isa = PBXBuildFile; fileRef = DBD8FD3220B3791100776FAB /* LoginViewController.swift */; };
		DBE905DF20924BAE000F13DB /* AppDelegate.swift in Sources */ = {isa = PBXBuildFile; fileRef = DBE905DE20924BAE000F13DB /* AppDelegate.swift */; };
		DBE905E120924BAE000F13DB /* ViewController.swift in Sources */ = {isa = PBXBuildFile; fileRef = DBE905E020924BAE000F13DB /* ViewController.swift */; };
		DBE905E420924BAE000F13DB /* Main.storyboard in Resources */ = {isa = PBXBuildFile; fileRef = DBE905E220924BAE000F13DB /* Main.storyboard */; };
		DBE905E620924BAE000F13DB /* Assets.xcassets in Resources */ = {isa = PBXBuildFile; fileRef = DBE905E520924BAE000F13DB /* Assets.xcassets */; };
		DBE905E920924BAE000F13DB /* LaunchScreen.storyboard in Resources */ = {isa = PBXBuildFile; fileRef = DBE905E720924BAE000F13DB /* LaunchScreen.storyboard */; };
		DBE905F420924BAE000F13DB /* StorTests.swift in Sources */ = {isa = PBXBuildFile; fileRef = DBE905F320924BAE000F13DB /* StorTests.swift */; };
		DBE905FF20924BAE000F13DB /* StorUITests.swift in Sources */ = {isa = PBXBuildFile; fileRef = DBE905FE20924BAE000F13DB /* StorUITests.swift */; };
		DBEA86DF20B4981F00727FCD /* Pods_Stor.framework in Frameworks */ = {isa = PBXBuildFile; fileRef = DBEA86E020B4981F00727FCD /* Pods_Stor.framework */; settings = {ATTRIBUTES = (Required, ); }; };
/* End PBXBuildFile section */

/* Begin PBXContainerItemProxy section */
		DBE905F020924BAE000F13DB /* PBXContainerItemProxy */ = {
			isa = PBXContainerItemProxy;
			containerPortal = DBE905D320924BAE000F13DB /* Project object */;
			proxyType = 1;
			remoteGlobalIDString = DBE905DA20924BAE000F13DB;
			remoteInfo = Stor;
		};
		DBE905FB20924BAE000F13DB /* PBXContainerItemProxy */ = {
			isa = PBXContainerItemProxy;
			containerPortal = DBE905D320924BAE000F13DB /* Project object */;
			proxyType = 1;
			remoteGlobalIDString = DBE905DA20924BAE000F13DB;
			remoteInfo = Stor;
		};
/* End PBXContainerItemProxy section */

/* Begin PBXFileReference section */
		18F4FB721B7B5B1C7D1493B0 /* Pods-Stor.debug.xcconfig */ = {isa = PBXFileReference; includeInIndex = 1; lastKnownFileType = text.xcconfig; name = "Pods-Stor.debug.xcconfig"; path = "Pods/Target Support Files/Pods-Stor/Pods-Stor.debug.xcconfig"; sourceTree = "<group>"; };
		20873EB433166AE1F0854C26 /* Pods-StorTests.debug.xcconfig */ = {isa = PBXFileReference; includeInIndex = 1; lastKnownFileType = text.xcconfig; name = "Pods-StorTests.debug.xcconfig"; path = "Pods/Target Support Files/Pods-StorTests/Pods-StorTests.debug.xcconfig"; sourceTree = "<group>"; };
		4E5B7ADF60FD9AF861F2989D /* Pods-Stor.release.xcconfig */ = {isa = PBXFileReference; includeInIndex = 1; lastKnownFileType = text.xcconfig; name = "Pods-Stor.release.xcconfig"; path = "Pods/Target Support Files/Pods-Stor/Pods-Stor.release.xcconfig"; sourceTree = "<group>"; };
		574FC7BE20B5F484001AE44F /* TermsViewController.swift */ = {isa = PBXFileReference; lastKnownFileType = sourcecode.swift; path = TermsViewController.swift; sourceTree = "<group>"; };
		574FC7C020B6289F001AE44F /* MenuViewController.swift */ = {isa = PBXFileReference; lastKnownFileType = sourcecode.swift; path = MenuViewController.swift; sourceTree = "<group>"; };
		83BDF3AB5601AEFA4206A668 /* Pods_StorTests.framework */ = {isa = PBXFileReference; explicitFileType = wrapper.framework; includeInIndex = 0; path = Pods_StorTests.framework; sourceTree = BUILT_PRODUCTS_DIR; };
		9C530B0B3D761ADC198DC431 /* Pods-StorUITests.release.xcconfig */ = {isa = PBXFileReference; includeInIndex = 1; lastKnownFileType = text.xcconfig; name = "Pods-StorUITests.release.xcconfig"; path = "Pods/Target Support Files/Pods-StorUITests/Pods-StorUITests.release.xcconfig"; sourceTree = "<group>"; };
		B1E7F08C17DB4E0B3B6B7EEE /* Pods-StorTests.release.xcconfig */ = {isa = PBXFileReference; includeInIndex = 1; lastKnownFileType = text.xcconfig; name = "Pods-StorTests.release.xcconfig"; path = "Pods/Target Support Files/Pods-StorTests/Pods-StorTests.release.xcconfig"; sourceTree = "<group>"; };
		DB3EE96E20B4B1D700CC4174 /* Stor.entitlements */ = {isa = PBXFileReference; lastKnownFileType = text.plist.entitlements; path = Stor.entitlements; sourceTree = "<group>"; };
		DB4B5E9220B339A20050F66E /* GoogleService-Info.plist */ = {isa = PBXFileReference; fileEncoding = 4; lastKnownFileType = text.plist.xml; path = "GoogleService-Info.plist"; sourceTree = "<group>"; };
		DB4B5E9720B3474D0050F66E /* RegisterEmailViewController.swift */ = {isa = PBXFileReference; lastKnownFileType = sourcecode.swift; path = RegisterEmailViewController.swift; sourceTree = "<group>"; };
		DB4B5E9D20B34E7C0050F66E /* dosis */ = {isa = PBXFileReference; lastKnownFileType = folder; path = dosis; sourceTree = "<group>"; };
		DB4B5E9F20B351C20050F66E /* StartupViewController.swift */ = {isa = PBXFileReference; lastKnownFileType = sourcecode.swift; path = StartupViewController.swift; sourceTree = "<group>"; };
		DB59552820B49F4D001E1AF0 /* MapViewController.swift */ = {isa = PBXFileReference; lastKnownFileType = sourcecode.swift; path = MapViewController.swift; sourceTree = "<group>"; };
		DBD8FD3220B3791100776FAB /* LoginViewController.swift */ = {isa = PBXFileReference; lastKnownFileType = sourcecode.swift; path = LoginViewController.swift; sourceTree = "<group>"; };
		DBE905DB20924BAE000F13DB /* Stor.app */ = {isa = PBXFileReference; explicitFileType = wrapper.application; includeInIndex = 0; path = Stor.app; sourceTree = BUILT_PRODUCTS_DIR; };
		DBE905DE20924BAE000F13DB /* AppDelegate.swift */ = {isa = PBXFileReference; lastKnownFileType = sourcecode.swift; path = AppDelegate.swift; sourceTree = "<group>"; };
		DBE905E020924BAE000F13DB /* ViewController.swift */ = {isa = PBXFileReference; lastKnownFileType = sourcecode.swift; path = ViewController.swift; sourceTree = "<group>"; };
		DBE905E320924BAE000F13DB /* Base */ = {isa = PBXFileReference; lastKnownFileType = file.storyboard; name = Base; path = Base.lproj/Main.storyboard; sourceTree = "<group>"; };
		DBE905E520924BAE000F13DB /* Assets.xcassets */ = {isa = PBXFileReference; lastKnownFileType = folder.assetcatalog; path = Assets.xcassets; sourceTree = "<group>"; };
		DBE905E820924BAE000F13DB /* Base */ = {isa = PBXFileReference; lastKnownFileType = file.storyboard; name = Base; path = Base.lproj/LaunchScreen.storyboard; sourceTree = "<group>"; };
		DBE905EA20924BAE000F13DB /* Info.plist */ = {isa = PBXFileReference; lastKnownFileType = text.plist.xml; path = Info.plist; sourceTree = "<group>"; };
		DBE905EF20924BAE000F13DB /* StorTests.xctest */ = {isa = PBXFileReference; explicitFileType = wrapper.cfbundle; includeInIndex = 0; path = StorTests.xctest; sourceTree = BUILT_PRODUCTS_DIR; };
		DBE905F320924BAE000F13DB /* StorTests.swift */ = {isa = PBXFileReference; lastKnownFileType = sourcecode.swift; path = StorTests.swift; sourceTree = "<group>"; };
		DBE905F520924BAE000F13DB /* Info.plist */ = {isa = PBXFileReference; lastKnownFileType = text.plist.xml; path = Info.plist; sourceTree = "<group>"; };
		DBE905FA20924BAE000F13DB /* StorUITests.xctest */ = {isa = PBXFileReference; explicitFileType = wrapper.cfbundle; includeInIndex = 0; path = StorUITests.xctest; sourceTree = BUILT_PRODUCTS_DIR; };
		DBE905FE20924BAE000F13DB /* StorUITests.swift */ = {isa = PBXFileReference; lastKnownFileType = sourcecode.swift; path = StorUITests.swift; sourceTree = "<group>"; };
		DBE9060020924BAE000F13DB /* Info.plist */ = {isa = PBXFileReference; lastKnownFileType = text.plist.xml; path = Info.plist; sourceTree = "<group>"; };
		DBEA86E020B4981F00727FCD /* Pods_Stor.framework */ = {isa = PBXFileReference; explicitFileType = wrapper.framework; path = Pods_Stor.framework; sourceTree = BUILT_PRODUCTS_DIR; };
		E3D320C59051F760CD54268B /* Pods-StorUITests.debug.xcconfig */ = {isa = PBXFileReference; includeInIndex = 1; lastKnownFileType = text.xcconfig; name = "Pods-StorUITests.debug.xcconfig"; path = "Pods/Target Support Files/Pods-StorUITests/Pods-StorUITests.debug.xcconfig"; sourceTree = "<group>"; };
		FBFB92A62876BD03C1FEC207 /* Pods_StorUITests.framework */ = {isa = PBXFileReference; explicitFileType = wrapper.framework; includeInIndex = 0; path = Pods_StorUITests.framework; sourceTree = BUILT_PRODUCTS_DIR; };
/* End PBXFileReference section */

/* Begin PBXFrameworksBuildPhase section */
		DBE905D820924BAE000F13DB /* Frameworks */ = {
			isa = PBXFrameworksBuildPhase;
			buildActionMask = 2147483647;
			files = (
				DBEA86DF20B4981F00727FCD /* Pods_Stor.framework in Frameworks */,
			);
			runOnlyForDeploymentPostprocessing = 0;
		};
		DBE905EC20924BAE000F13DB /* Frameworks */ = {
			isa = PBXFrameworksBuildPhase;
			buildActionMask = 2147483647;
			files = (
				2B0B7B137B763384068CFD08 /* Pods_StorTests.framework in Frameworks */,
			);
			runOnlyForDeploymentPostprocessing = 0;
		};
		DBE905F720924BAE000F13DB /* Frameworks */ = {
			isa = PBXFrameworksBuildPhase;
			buildActionMask = 2147483647;
			files = (
				D1947A535ADA1F3F00BCE349 /* Pods_StorUITests.framework in Frameworks */,
			);
			runOnlyForDeploymentPostprocessing = 0;
		};
/* End PBXFrameworksBuildPhase section */

/* Begin PBXGroup section */
		463FF3A502192F9F404F1AD7 /* Pods */ = {
			isa = PBXGroup;
			children = (
				18F4FB721B7B5B1C7D1493B0 /* Pods-Stor.debug.xcconfig */,
				4E5B7ADF60FD9AF861F2989D /* Pods-Stor.release.xcconfig */,
				20873EB433166AE1F0854C26 /* Pods-StorTests.debug.xcconfig */,
				B1E7F08C17DB4E0B3B6B7EEE /* Pods-StorTests.release.xcconfig */,
				E3D320C59051F760CD54268B /* Pods-StorUITests.debug.xcconfig */,
				9C530B0B3D761ADC198DC431 /* Pods-StorUITests.release.xcconfig */,
			);
			name = Pods;
			sourceTree = "<group>";
		};
		DB4B5E9620B346F50050F66E /* Register View Controllers */ = {
			isa = PBXGroup;
			children = (
				DB4B5E9F20B351C20050F66E /* StartupViewController.swift */,
				DB4B5E9720B3474D0050F66E /* RegisterEmailViewController.swift */,
				DBD8FD3220B3791100776FAB /* LoginViewController.swift */,
			);
			path = "Register View Controllers";
			sourceTree = "<group>";
		};
		DB4B5E9C20B34E690050F66E /* Fonts */ = {
			isa = PBXGroup;
			children = (
				DB4B5E9D20B34E7C0050F66E /* dosis */,
			);
			path = Fonts;
			sourceTree = "<group>";
		};
		DBE905D220924BAE000F13DB = {
			isa = PBXGroup;
			children = (
				DBE905DD20924BAE000F13DB /* Stor */,
				DBE905F220924BAE000F13DB /* StorTests */,
				DBE905FD20924BAE000F13DB /* StorUITests */,
				DBE905DC20924BAE000F13DB /* Products */,
				463FF3A502192F9F404F1AD7 /* Pods */,
				DBEA86DE20B4981F00727FCD /* Frameworks */,
			);
			sourceTree = "<group>";
		};
		DBE905DC20924BAE000F13DB /* Products */ = {
			isa = PBXGroup;
			children = (
				DBE905DB20924BAE000F13DB /* Stor.app */,
				DBE905EF20924BAE000F13DB /* StorTests.xctest */,
				DBE905FA20924BAE000F13DB /* StorUITests.xctest */,
			);
			name = Products;
			sourceTree = "<group>";
		};
		DBE905DD20924BAE000F13DB /* Stor */ = {
			isa = PBXGroup;
			children = (
				DB3EE96E20B4B1D700CC4174 /* Stor.entitlements */,
				DB4B5E9620B346F50050F66E /* Register View Controllers */,
				DB59552820B49F4D001E1AF0 /* MapViewController.swift */,
				574FC7BE20B5F484001AE44F /* TermsViewController.swift */,
				DBE905DE20924BAE000F13DB /* AppDelegate.swift */,
				DBE905E020924BAE000F13DB /* ViewController.swift */,
				DBE905E220924BAE000F13DB /* Main.storyboard */,
				574FC7C020B6289F001AE44F /* MenuViewController.swift */,
				DBE905E520924BAE000F13DB /* Assets.xcassets */,
				DBE905E720924BAE000F13DB /* LaunchScreen.storyboard */,
				DBE905EA20924BAE000F13DB /* Info.plist */,
				DB4B5E9220B339A20050F66E /* GoogleService-Info.plist */,
				DB4B5E9C20B34E690050F66E /* Fonts */,
			);
			path = Stor;
			sourceTree = "<group>";
		};
		DBE905F220924BAE000F13DB /* StorTests */ = {
			isa = PBXGroup;
			children = (
				DBE905F320924BAE000F13DB /* StorTests.swift */,
				DBE905F520924BAE000F13DB /* Info.plist */,
			);
			path = StorTests;
			sourceTree = "<group>";
		};
		DBE905FD20924BAE000F13DB /* StorUITests */ = {
			isa = PBXGroup;
			children = (
				DBE905FE20924BAE000F13DB /* StorUITests.swift */,
				DBE9060020924BAE000F13DB /* Info.plist */,
			);
			path = StorUITests;
			sourceTree = "<group>";
		};
		DBEA86DE20B4981F00727FCD /* Frameworks */ = {
			isa = PBXGroup;
			children = (
				DBEA86E020B4981F00727FCD /* Pods_Stor.framework */,
				83BDF3AB5601AEFA4206A668 /* Pods_StorTests.framework */,
				FBFB92A62876BD03C1FEC207 /* Pods_StorUITests.framework */,
			);
			name = Frameworks;
			sourceTree = "<group>";
		};
/* End PBXGroup section */

/* Begin PBXNativeTarget section */
		DBE905DA20924BAE000F13DB /* Stor */ = {
			isa = PBXNativeTarget;
			buildConfigurationList = DBE9060320924BAE000F13DB /* Build configuration list for PBXNativeTarget "Stor" */;
			buildPhases = (
				A9A4B10A7F6FBF5615B10E0F /* [CP] Check Pods Manifest.lock */,
				DBE905D720924BAE000F13DB /* Sources */,
				DBE905D820924BAE000F13DB /* Frameworks */,
				DBE905D920924BAE000F13DB /* Resources */,
				D81592936A5673D16AF3E532 /* [CP] Embed Pods Frameworks */,
				249903BF414935678F3D531E /* [CP] Copy Pods Resources */,
			);
			buildRules = (
			);
			dependencies = (
			);
			name = Stor;
			productName = Stor;
			productReference = DBE905DB20924BAE000F13DB /* Stor.app */;
			productType = "com.apple.product-type.application";
		};
		DBE905EE20924BAE000F13DB /* StorTests */ = {
			isa = PBXNativeTarget;
			buildConfigurationList = DBE9060620924BAE000F13DB /* Build configuration list for PBXNativeTarget "StorTests" */;
			buildPhases = (
				F6BCABFDD7E630EDD301D1A2 /* [CP] Check Pods Manifest.lock */,
				DBE905EB20924BAE000F13DB /* Sources */,
				DBE905EC20924BAE000F13DB /* Frameworks */,
				DBE905ED20924BAE000F13DB /* Resources */,
			);
			buildRules = (
			);
			dependencies = (
				DBE905F120924BAE000F13DB /* PBXTargetDependency */,
			);
			name = StorTests;
			productName = StorTests;
			productReference = DBE905EF20924BAE000F13DB /* StorTests.xctest */;
			productType = "com.apple.product-type.bundle.unit-test";
		};
		DBE905F920924BAE000F13DB /* StorUITests */ = {
			isa = PBXNativeTarget;
			buildConfigurationList = DBE9060920924BAE000F13DB /* Build configuration list for PBXNativeTarget "StorUITests" */;
			buildPhases = (
				0AF730A8E31F9F25E764FDF0 /* [CP] Check Pods Manifest.lock */,
				DBE905F620924BAE000F13DB /* Sources */,
				DBE905F720924BAE000F13DB /* Frameworks */,
				DBE905F820924BAE000F13DB /* Resources */,
			);
			buildRules = (
			);
			dependencies = (
				DBE905FC20924BAE000F13DB /* PBXTargetDependency */,
			);
			name = StorUITests;
			productName = StorUITests;
			productReference = DBE905FA20924BAE000F13DB /* StorUITests.xctest */;
			productType = "com.apple.product-type.bundle.ui-testing";
		};
/* End PBXNativeTarget section */

/* Begin PBXProject section */
		DBE905D320924BAE000F13DB /* Project object */ = {
			isa = PBXProject;
			attributes = {
				LastSwiftUpdateCheck = 0920;
				LastUpgradeCheck = 0920;
				ORGANIZATIONNAME = "David Ho";
				TargetAttributes = {
					DBE905DA20924BAE000F13DB = {
						CreatedOnToolsVersion = 9.2;
						ProvisioningStyle = Automatic;
						SystemCapabilities = {
							com.apple.Keychain = {
								enabled = 1;
							};
						};
					};
					DBE905EE20924BAE000F13DB = {
						CreatedOnToolsVersion = 9.2;
						ProvisioningStyle = Automatic;
						TestTargetID = DBE905DA20924BAE000F13DB;
					};
					DBE905F920924BAE000F13DB = {
						CreatedOnToolsVersion = 9.2;
						ProvisioningStyle = Automatic;
						TestTargetID = DBE905DA20924BAE000F13DB;
					};
				};
			};
			buildConfigurationList = DBE905D620924BAE000F13DB /* Build configuration list for PBXProject "Stor" */;
			compatibilityVersion = "Xcode 8.0";
			developmentRegion = en;
			hasScannedForEncodings = 0;
			knownRegions = (
				en,
				Base,
			);
			mainGroup = DBE905D220924BAE000F13DB;
			productRefGroup = DBE905DC20924BAE000F13DB /* Products */;
			projectDirPath = "";
			projectRoot = "";
			targets = (
				DBE905DA20924BAE000F13DB /* Stor */,
				DBE905EE20924BAE000F13DB /* StorTests */,
				DBE905F920924BAE000F13DB /* StorUITests */,
			);
		};
/* End PBXProject section */

/* Begin PBXResourcesBuildPhase section */
		DBE905D920924BAE000F13DB /* Resources */ = {
			isa = PBXResourcesBuildPhase;
			buildActionMask = 2147483647;
			files = (
				DBE905E920924BAE000F13DB /* LaunchScreen.storyboard in Resources */,
				DB4B5E9320B339A30050F66E /* GoogleService-Info.plist in Resources */,
				DBE905E620924BAE000F13DB /* Assets.xcassets in Resources */,
				DBE905E420924BAE000F13DB /* Main.storyboard in Resources */,
				DB4B5E9E20B34E7C0050F66E /* dosis in Resources */,
			);
			runOnlyForDeploymentPostprocessing = 0;
		};
		DBE905ED20924BAE000F13DB /* Resources */ = {
			isa = PBXResourcesBuildPhase;
			buildActionMask = 2147483647;
			files = (
			);
			runOnlyForDeploymentPostprocessing = 0;
		};
		DBE905F820924BAE000F13DB /* Resources */ = {
			isa = PBXResourcesBuildPhase;
			buildActionMask = 2147483647;
			files = (
			);
			runOnlyForDeploymentPostprocessing = 0;
		};
/* End PBXResourcesBuildPhase section */

/* Begin PBXShellScriptBuildPhase section */
		0AF730A8E31F9F25E764FDF0 /* [CP] Check Pods Manifest.lock */ = {
			isa = PBXShellScriptBuildPhase;
			buildActionMask = 2147483647;
			files = (
			);
			inputPaths = (
				"${PODS_PODFILE_DIR_PATH}/Podfile.lock",
				"${PODS_ROOT}/Manifest.lock",
			);
			name = "[CP] Check Pods Manifest.lock";
			outputPaths = (
				"$(DERIVED_FILE_DIR)/Pods-StorUITests-checkManifestLockResult.txt",
			);
			runOnlyForDeploymentPostprocessing = 0;
			shellPath = /bin/sh;
			shellScript = "diff \"${PODS_PODFILE_DIR_PATH}/Podfile.lock\" \"${PODS_ROOT}/Manifest.lock\" > /dev/null\nif [ $? != 0 ] ; then\n    # print error to STDERR\n    echo \"error: The sandbox is not in sync with the Podfile.lock. Run 'pod install' or update your CocoaPods installation.\" >&2\n    exit 1\nfi\n# This output is used by Xcode 'outputs' to avoid re-running this script phase.\necho \"SUCCESS\" > \"${SCRIPT_OUTPUT_FILE_0}\"\n";
			showEnvVarsInLog = 0;
		};
		249903BF414935678F3D531E /* [CP] Copy Pods Resources */ = {
			isa = PBXShellScriptBuildPhase;
			buildActionMask = 2147483647;
			files = (
			);
			inputPaths = (
				"${SRCROOT}/Pods/Target Support Files/Pods-Stor/Pods-Stor-resources.sh",
				"${PODS_ROOT}/GoogleMaps/Maps/Frameworks/GoogleMaps.framework/Resources/GoogleMaps.bundle",
				"${PODS_ROOT}/GooglePlaces/Frameworks/GooglePlaces.framework/Resources/GooglePlaces.bundle",
				"${PODS_ROOT}/GoogleSignIn/Resources/GoogleSignIn.bundle",
			);
			name = "[CP] Copy Pods Resources";
			outputPaths = (
				"${TARGET_BUILD_DIR}/${UNLOCALIZED_RESOURCES_FOLDER_PATH}/GoogleMaps.bundle",
				"${TARGET_BUILD_DIR}/${UNLOCALIZED_RESOURCES_FOLDER_PATH}/GooglePlaces.bundle",
				"${TARGET_BUILD_DIR}/${UNLOCALIZED_RESOURCES_FOLDER_PATH}/GoogleSignIn.bundle",
			);
			runOnlyForDeploymentPostprocessing = 0;
			shellPath = /bin/sh;
			shellScript = "\"${SRCROOT}/Pods/Target Support Files/Pods-Stor/Pods-Stor-resources.sh\"\n";
			showEnvVarsInLog = 0;
		};
		A9A4B10A7F6FBF5615B10E0F /* [CP] Check Pods Manifest.lock */ = {
			isa = PBXShellScriptBuildPhase;
			buildActionMask = 2147483647;
			files = (
			);
			inputPaths = (
				"${PODS_PODFILE_DIR_PATH}/Podfile.lock",
				"${PODS_ROOT}/Manifest.lock",
			);
			name = "[CP] Check Pods Manifest.lock";
			outputPaths = (
				"$(DERIVED_FILE_DIR)/Pods-Stor-checkManifestLockResult.txt",
			);
			runOnlyForDeploymentPostprocessing = 0;
			shellPath = /bin/sh;
			shellScript = "diff \"${PODS_PODFILE_DIR_PATH}/Podfile.lock\" \"${PODS_ROOT}/Manifest.lock\" > /dev/null\nif [ $? != 0 ] ; then\n    # print error to STDERR\n    echo \"error: The sandbox is not in sync with the Podfile.lock. Run 'pod install' or update your CocoaPods installation.\" >&2\n    exit 1\nfi\n# This output is used by Xcode 'outputs' to avoid re-running this script phase.\necho \"SUCCESS\" > \"${SCRIPT_OUTPUT_FILE_0}\"\n";
			showEnvVarsInLog = 0;
		};
		D81592936A5673D16AF3E532 /* [CP] Embed Pods Frameworks */ = {
			isa = PBXShellScriptBuildPhase;
			buildActionMask = 2147483647;
			files = (
			);
			inputPaths = (
				"${SRCROOT}/Pods/Target Support Files/Pods-Stor/Pods-Stor-frameworks.sh",
				"${BUILT_PRODUCTS_DIR}/Bolts/Bolts.framework",
				"${BUILT_PRODUCTS_DIR}/FBSDKCoreKit/FBSDKCoreKit.framework",
				"${BUILT_PRODUCTS_DIR}/FBSDKLoginKit/FBSDKLoginKit.framework",
				"${BUILT_PRODUCTS_DIR}/FBSDKShareKit/FBSDKShareKit.framework",
				"${BUILT_PRODUCTS_DIR}/GTMOAuth2/GTMOAuth2.framework",
				"${BUILT_PRODUCTS_DIR}/GTMSessionFetcher/GTMSessionFetcher.framework",
				"${BUILT_PRODUCTS_DIR}/GoogleToolboxForMac/GoogleToolboxForMac.framework",
				"${BUILT_PRODUCTS_DIR}/leveldb-library/leveldb.framework",
				"${BUILT_PRODUCTS_DIR}/nanopb/nanopb.framework",
			);
			name = "[CP] Embed Pods Frameworks";
			outputPaths = (
				"${TARGET_BUILD_DIR}/${FRAMEWORKS_FOLDER_PATH}/Bolts.framework",
				"${TARGET_BUILD_DIR}/${FRAMEWORKS_FOLDER_PATH}/FBSDKCoreKit.framework",
				"${TARGET_BUILD_DIR}/${FRAMEWORKS_FOLDER_PATH}/FBSDKLoginKit.framework",
				"${TARGET_BUILD_DIR}/${FRAMEWORKS_FOLDER_PATH}/FBSDKShareKit.framework",
				"${TARGET_BUILD_DIR}/${FRAMEWORKS_FOLDER_PATH}/GTMOAuth2.framework",
				"${TARGET_BUILD_DIR}/${FRAMEWORKS_FOLDER_PATH}/GTMSessionFetcher.framework",
				"${TARGET_BUILD_DIR}/${FRAMEWORKS_FOLDER_PATH}/GoogleToolboxForMac.framework",
				"${TARGET_BUILD_DIR}/${FRAMEWORKS_FOLDER_PATH}/leveldb.framework",
				"${TARGET_BUILD_DIR}/${FRAMEWORKS_FOLDER_PATH}/nanopb.framework",
			);
			runOnlyForDeploymentPostprocessing = 0;
			shellPath = /bin/sh;
			shellScript = "\"${SRCROOT}/Pods/Target Support Files/Pods-Stor/Pods-Stor-frameworks.sh\"\n";
			showEnvVarsInLog = 0;
		};
		F6BCABFDD7E630EDD301D1A2 /* [CP] Check Pods Manifest.lock */ = {
			isa = PBXShellScriptBuildPhase;
			buildActionMask = 2147483647;
			files = (
			);
			inputPaths = (
				"${PODS_PODFILE_DIR_PATH}/Podfile.lock",
				"${PODS_ROOT}/Manifest.lock",
			);
			name = "[CP] Check Pods Manifest.lock";
			outputPaths = (
				"$(DERIVED_FILE_DIR)/Pods-StorTests-checkManifestLockResult.txt",
			);
			runOnlyForDeploymentPostprocessing = 0;
			shellPath = /bin/sh;
			shellScript = "diff \"${PODS_PODFILE_DIR_PATH}/Podfile.lock\" \"${PODS_ROOT}/Manifest.lock\" > /dev/null\nif [ $? != 0 ] ; then\n    # print error to STDERR\n    echo \"error: The sandbox is not in sync with the Podfile.lock. Run 'pod install' or update your CocoaPods installation.\" >&2\n    exit 1\nfi\n# This output is used by Xcode 'outputs' to avoid re-running this script phase.\necho \"SUCCESS\" > \"${SCRIPT_OUTPUT_FILE_0}\"\n";
			showEnvVarsInLog = 0;
		};
/* End PBXShellScriptBuildPhase section */

/* Begin PBXSourcesBuildPhase section */
		DBE905D720924BAE000F13DB /* Sources */ = {
			isa = PBXSourcesBuildPhase;
			buildActionMask = 2147483647;
			files = (
				DB4B5EA020B351C20050F66E /* StartupViewController.swift in Sources */,
				DB59552920B49F4D001E1AF0 /* MapViewController.swift in Sources */,
				DBE905E120924BAE000F13DB /* ViewController.swift in Sources */,
				DBE905DF20924BAE000F13DB /* AppDelegate.swift in Sources */,
				DBD8FD3320B3791100776FAB /* LoginViewController.swift in Sources */,
				DB4B5E9820B3474D0050F66E /* RegisterEmailViewController.swift in Sources */,
				574FC7BF20B5F484001AE44F /* TermsViewController.swift in Sources */,
				574FC7C120B6289F001AE44F /* MenuViewController.swift in Sources */,
			);
			runOnlyForDeploymentPostprocessing = 0;
		};
		DBE905EB20924BAE000F13DB /* Sources */ = {
			isa = PBXSourcesBuildPhase;
			buildActionMask = 2147483647;
			files = (
				DB756FE620B5305F00E12D77 /* AppDelegate.swift in Sources */,
				DBE905F420924BAE000F13DB /* StorTests.swift in Sources */,
			);
			runOnlyForDeploymentPostprocessing = 0;
		};
		DBE905F620924BAE000F13DB /* Sources */ = {
			isa = PBXSourcesBuildPhase;
			buildActionMask = 2147483647;
			files = (
				DB756FE720B5306600E12D77 /* AppDelegate.swift in Sources */,
				DBE905FF20924BAE000F13DB /* StorUITests.swift in Sources */,
			);
			runOnlyForDeploymentPostprocessing = 0;
		};
/* End PBXSourcesBuildPhase section */

/* Begin PBXTargetDependency section */
		DBE905F120924BAE000F13DB /* PBXTargetDependency */ = {
			isa = PBXTargetDependency;
			target = DBE905DA20924BAE000F13DB /* Stor */;
			targetProxy = DBE905F020924BAE000F13DB /* PBXContainerItemProxy */;
		};
		DBE905FC20924BAE000F13DB /* PBXTargetDependency */ = {
			isa = PBXTargetDependency;
			target = DBE905DA20924BAE000F13DB /* Stor */;
			targetProxy = DBE905FB20924BAE000F13DB /* PBXContainerItemProxy */;
		};
/* End PBXTargetDependency section */

/* Begin PBXVariantGroup section */
		DBE905E220924BAE000F13DB /* Main.storyboard */ = {
			isa = PBXVariantGroup;
			children = (
				DBE905E320924BAE000F13DB /* Base */,
			);
			name = Main.storyboard;
			sourceTree = "<group>";
		};
		DBE905E720924BAE000F13DB /* LaunchScreen.storyboard */ = {
			isa = PBXVariantGroup;
			children = (
				DBE905E820924BAE000F13DB /* Base */,
			);
			name = LaunchScreen.storyboard;
			sourceTree = "<group>";
		};
/* End PBXVariantGroup section */

/* Begin XCBuildConfiguration section */
		DBE9060120924BAE000F13DB /* Debug */ = {
			isa = XCBuildConfiguration;
			buildSettings = {
				ALWAYS_SEARCH_USER_PATHS = NO;
				CLANG_ANALYZER_NONNULL = YES;
				CLANG_ANALYZER_NUMBER_OBJECT_CONVERSION = YES_AGGRESSIVE;
				CLANG_CXX_LANGUAGE_STANDARD = "gnu++14";
				CLANG_CXX_LIBRARY = "libc++";
				CLANG_ENABLE_MODULES = YES;
				CLANG_ENABLE_OBJC_ARC = YES;
				CLANG_WARN_BLOCK_CAPTURE_AUTORELEASING = YES;
				CLANG_WARN_BOOL_CONVERSION = YES;
				CLANG_WARN_COMMA = YES;
				CLANG_WARN_CONSTANT_CONVERSION = YES;
				CLANG_WARN_DIRECT_OBJC_ISA_USAGE = YES_ERROR;
				CLANG_WARN_DOCUMENTATION_COMMENTS = YES;
				CLANG_WARN_EMPTY_BODY = YES;
				CLANG_WARN_ENUM_CONVERSION = YES;
				CLANG_WARN_INFINITE_RECURSION = YES;
				CLANG_WARN_INT_CONVERSION = YES;
				CLANG_WARN_NON_LITERAL_NULL_CONVERSION = YES;
				CLANG_WARN_OBJC_LITERAL_CONVERSION = YES;
				CLANG_WARN_OBJC_ROOT_CLASS = YES_ERROR;
				CLANG_WARN_RANGE_LOOP_ANALYSIS = YES;
				CLANG_WARN_STRICT_PROTOTYPES = YES;
				CLANG_WARN_SUSPICIOUS_MOVE = YES;
				CLANG_WARN_UNGUARDED_AVAILABILITY = YES_AGGRESSIVE;
				CLANG_WARN_UNREACHABLE_CODE = YES;
				CLANG_WARN__DUPLICATE_METHOD_MATCH = YES;
				CODE_SIGN_IDENTITY = "iPhone Developer";
				COPY_PHASE_STRIP = NO;
				DEBUG_INFORMATION_FORMAT = dwarf;
				ENABLE_STRICT_OBJC_MSGSEND = YES;
				ENABLE_TESTABILITY = YES;
				GCC_C_LANGUAGE_STANDARD = gnu11;
				GCC_DYNAMIC_NO_PIC = NO;
				GCC_NO_COMMON_BLOCKS = YES;
				GCC_OPTIMIZATION_LEVEL = 0;
				GCC_PREPROCESSOR_DEFINITIONS = (
					"DEBUG=1",
					"$(inherited)",
				);
				GCC_WARN_64_TO_32_BIT_CONVERSION = YES;
				GCC_WARN_ABOUT_RETURN_TYPE = YES_ERROR;
				GCC_WARN_UNDECLARED_SELECTOR = YES;
				GCC_WARN_UNINITIALIZED_AUTOS = YES_AGGRESSIVE;
				GCC_WARN_UNUSED_FUNCTION = YES;
				GCC_WARN_UNUSED_VARIABLE = YES;
				IPHONEOS_DEPLOYMENT_TARGET = 11.2;
				MTL_ENABLE_DEBUG_INFO = YES;
				ONLY_ACTIVE_ARCH = YES;
				SDKROOT = iphoneos;
				SWIFT_ACTIVE_COMPILATION_CONDITIONS = DEBUG;
				SWIFT_OPTIMIZATION_LEVEL = "-Onone";
			};
			name = Debug;
		};
		DBE9060220924BAE000F13DB /* Release */ = {
			isa = XCBuildConfiguration;
			buildSettings = {
				ALWAYS_SEARCH_USER_PATHS = NO;
				CLANG_ANALYZER_NONNULL = YES;
				CLANG_ANALYZER_NUMBER_OBJECT_CONVERSION = YES_AGGRESSIVE;
				CLANG_CXX_LANGUAGE_STANDARD = "gnu++14";
				CLANG_CXX_LIBRARY = "libc++";
				CLANG_ENABLE_MODULES = YES;
				CLANG_ENABLE_OBJC_ARC = YES;
				CLANG_WARN_BLOCK_CAPTURE_AUTORELEASING = YES;
				CLANG_WARN_BOOL_CONVERSION = YES;
				CLANG_WARN_COMMA = YES;
				CLANG_WARN_CONSTANT_CONVERSION = YES;
				CLANG_WARN_DIRECT_OBJC_ISA_USAGE = YES_ERROR;
				CLANG_WARN_DOCUMENTATION_COMMENTS = YES;
				CLANG_WARN_EMPTY_BODY = YES;
				CLANG_WARN_ENUM_CONVERSION = YES;
				CLANG_WARN_INFINITE_RECURSION = YES;
				CLANG_WARN_INT_CONVERSION = YES;
				CLANG_WARN_NON_LITERAL_NULL_CONVERSION = YES;
				CLANG_WARN_OBJC_LITERAL_CONVERSION = YES;
				CLANG_WARN_OBJC_ROOT_CLASS = YES_ERROR;
				CLANG_WARN_RANGE_LOOP_ANALYSIS = YES;
				CLANG_WARN_STRICT_PROTOTYPES = YES;
				CLANG_WARN_SUSPICIOUS_MOVE = YES;
				CLANG_WARN_UNGUARDED_AVAILABILITY = YES_AGGRESSIVE;
				CLANG_WARN_UNREACHABLE_CODE = YES;
				CLANG_WARN__DUPLICATE_METHOD_MATCH = YES;
				CODE_SIGN_IDENTITY = "iPhone Developer";
				COPY_PHASE_STRIP = NO;
				DEBUG_INFORMATION_FORMAT = "dwarf-with-dsym";
				ENABLE_NS_ASSERTIONS = NO;
				ENABLE_STRICT_OBJC_MSGSEND = YES;
				GCC_C_LANGUAGE_STANDARD = gnu11;
				GCC_NO_COMMON_BLOCKS = YES;
				GCC_WARN_64_TO_32_BIT_CONVERSION = YES;
				GCC_WARN_ABOUT_RETURN_TYPE = YES_ERROR;
				GCC_WARN_UNDECLARED_SELECTOR = YES;
				GCC_WARN_UNINITIALIZED_AUTOS = YES_AGGRESSIVE;
				GCC_WARN_UNUSED_FUNCTION = YES;
				GCC_WARN_UNUSED_VARIABLE = YES;
				IPHONEOS_DEPLOYMENT_TARGET = 11.2;
				MTL_ENABLE_DEBUG_INFO = NO;
				SDKROOT = iphoneos;
				SWIFT_OPTIMIZATION_LEVEL = "-Owholemodule";
				VALIDATE_PRODUCT = YES;
			};
			name = Release;
		};
		DBE9060420924BAE000F13DB /* Debug */ = {
			isa = XCBuildConfiguration;
			baseConfigurationReference = 18F4FB721B7B5B1C7D1493B0 /* Pods-Stor.debug.xcconfig */;
			buildSettings = {
				ASSETCATALOG_COMPILER_APPICON_NAME = AppIcon;
				CODE_SIGN_ENTITLEMENTS = Stor/Stor.entitlements;
				CODE_SIGN_STYLE = Automatic;
				DEVELOPMENT_TEAM = KDHJP5BFNR;
				INFOPLIST_FILE = Stor/Info.plist;
				LD_RUNPATH_SEARCH_PATHS = "$(inherited) @executable_path/Frameworks";
				PRODUCT_BUNDLE_IDENTIFIER = "David-Ho.Stor";
				PRODUCT_NAME = "$(TARGET_NAME)";
				SWIFT_VERSION = 4.0;
				TARGETED_DEVICE_FAMILY = "1,2";
			};
			name = Debug;
		};
		DBE9060520924BAE000F13DB /* Release */ = {
			isa = XCBuildConfiguration;
			baseConfigurationReference = 4E5B7ADF60FD9AF861F2989D /* Pods-Stor.release.xcconfig */;
			buildSettings = {
				ASSETCATALOG_COMPILER_APPICON_NAME = AppIcon;
				CODE_SIGN_ENTITLEMENTS = Stor/Stor.entitlements;
				CODE_SIGN_STYLE = Automatic;
				DEVELOPMENT_TEAM = KDHJP5BFNR;
				INFOPLIST_FILE = Stor/Info.plist;
				LD_RUNPATH_SEARCH_PATHS = "$(inherited) @executable_path/Frameworks";
				PRODUCT_BUNDLE_IDENTIFIER = "David-Ho.Stor";
				PRODUCT_NAME = "$(TARGET_NAME)";
				SWIFT_VERSION = 4.0;
				TARGETED_DEVICE_FAMILY = "1,2";
			};
			name = Release;
		};
		DBE9060720924BAE000F13DB /* Debug */ = {
			isa = XCBuildConfiguration;
			baseConfigurationReference = 20873EB433166AE1F0854C26 /* Pods-StorTests.debug.xcconfig */;
			buildSettings = {
				ALWAYS_EMBED_SWIFT_STANDARD_LIBRARIES = YES;
				BUNDLE_LOADER = "$(TEST_HOST)";
				CODE_SIGN_STYLE = Automatic;
				INFOPLIST_FILE = StorTests/Info.plist;
				LD_RUNPATH_SEARCH_PATHS = "$(inherited) @executable_path/Frameworks @loader_path/Frameworks";
				PRODUCT_BUNDLE_IDENTIFIER = "David-Ho.StorTests";
				PRODUCT_NAME = "$(TARGET_NAME)";
				SWIFT_VERSION = 4.0;
				TARGETED_DEVICE_FAMILY = "1,2";
				TEST_HOST = "$(BUILT_PRODUCTS_DIR)/Stor.app/Stor";
			};
			name = Debug;
		};
		DBE9060820924BAE000F13DB /* Release */ = {
			isa = XCBuildConfiguration;
			baseConfigurationReference = B1E7F08C17DB4E0B3B6B7EEE /* Pods-StorTests.release.xcconfig */;
			buildSettings = {
				ALWAYS_EMBED_SWIFT_STANDARD_LIBRARIES = YES;
				BUNDLE_LOADER = "$(TEST_HOST)";
				CODE_SIGN_STYLE = Automatic;
				INFOPLIST_FILE = StorTests/Info.plist;
				LD_RUNPATH_SEARCH_PATHS = "$(inherited) @executable_path/Frameworks @loader_path/Frameworks";
				PRODUCT_BUNDLE_IDENTIFIER = "David-Ho.StorTests";
				PRODUCT_NAME = "$(TARGET_NAME)";
				SWIFT_VERSION = 4.0;
				TARGETED_DEVICE_FAMILY = "1,2";
				TEST_HOST = "$(BUILT_PRODUCTS_DIR)/Stor.app/Stor";
			};
			name = Release;
		};
		DBE9060A20924BAE000F13DB /* Debug */ = {
			isa = XCBuildConfiguration;
			baseConfigurationReference = E3D320C59051F760CD54268B /* Pods-StorUITests.debug.xcconfig */;
			buildSettings = {
				ALWAYS_EMBED_SWIFT_STANDARD_LIBRARIES = YES;
				CODE_SIGN_STYLE = Automatic;
				INFOPLIST_FILE = StorUITests/Info.plist;
				LD_RUNPATH_SEARCH_PATHS = "$(inherited) @executable_path/Frameworks @loader_path/Frameworks";
				PRODUCT_BUNDLE_IDENTIFIER = "David-Ho.StorUITests";
				PRODUCT_NAME = "$(TARGET_NAME)";
				SWIFT_VERSION = 4.0;
				TARGETED_DEVICE_FAMILY = "1,2";
				TEST_TARGET_NAME = Stor;
			};
			name = Debug;
		};
		DBE9060B20924BAE000F13DB /* Release */ = {
			isa = XCBuildConfiguration;
			baseConfigurationReference = 9C530B0B3D761ADC198DC431 /* Pods-StorUITests.release.xcconfig */;
			buildSettings = {
				ALWAYS_EMBED_SWIFT_STANDARD_LIBRARIES = YES;
				CODE_SIGN_STYLE = Automatic;
				INFOPLIST_FILE = StorUITests/Info.plist;
				LD_RUNPATH_SEARCH_PATHS = "$(inherited) @executable_path/Frameworks @loader_path/Frameworks";
				PRODUCT_BUNDLE_IDENTIFIER = "David-Ho.StorUITests";
				PRODUCT_NAME = "$(TARGET_NAME)";
				SWIFT_VERSION = 4.0;
				TARGETED_DEVICE_FAMILY = "1,2";
				TEST_TARGET_NAME = Stor;
			};
			name = Release;
		};
/* End XCBuildConfiguration section */

/* Begin XCConfigurationList section */
		DBE905D620924BAE000F13DB /* Build configuration list for PBXProject "Stor" */ = {
			isa = XCConfigurationList;
			buildConfigurations = (
				DBE9060120924BAE000F13DB /* Debug */,
				DBE9060220924BAE000F13DB /* Release */,
			);
			defaultConfigurationIsVisible = 0;
			defaultConfigurationName = Release;
		};
		DBE9060320924BAE000F13DB /* Build configuration list for PBXNativeTarget "Stor" */ = {
			isa = XCConfigurationList;
			buildConfigurations = (
				DBE9060420924BAE000F13DB /* Debug */,
				DBE9060520924BAE000F13DB /* Release */,
			);
			defaultConfigurationIsVisible = 0;
			defaultConfigurationName = Release;
		};
		DBE9060620924BAE000F13DB /* Build configuration list for PBXNativeTarget "StorTests" */ = {
			isa = XCConfigurationList;
			buildConfigurations = (
				DBE9060720924BAE000F13DB /* Debug */,
				DBE9060820924BAE000F13DB /* Release */,
			);
			defaultConfigurationIsVisible = 0;
			defaultConfigurationName = Release;
		};
		DBE9060920924BAE000F13DB /* Build configuration list for PBXNativeTarget "StorUITests" */ = {
			isa = XCConfigurationList;
			buildConfigurations = (
				DBE9060A20924BAE000F13DB /* Debug */,
				DBE9060B20924BAE000F13DB /* Release */,
			);
			defaultConfigurationIsVisible = 0;
			defaultConfigurationName = Release;
		};
/* End XCConfigurationList section */
	};
	rootObject = DBE905D320924BAE000F13DB /* Project object */;
}
